
Microsoft Visual Studio Solution File, Format Version 12.00
# Visual Studio Version 17
VisualStudioVersion = 17.8.34309.116
MinimumVisualStudioVersion = 10.0.40219.1
Project("{9A19103F-16F7-4668-BE54-9A1E7A4F7556}") = "NotkaAPI", "NotkaAPI.csproj", "{CC2BFA38-08E5-4A47-815A-62DE3A978260}"
EndProject
Project("{FAE04EC0-301F-11D3-BF4B-00C04F79EFBC}") = "ApiSharedClasses", "..\ApiSharedClasses\ApiSharedClasses.csproj", "{D6B0E594-6A09-4D95-8188-85732EEBE19E}"
EndProject
Global
	GlobalSection(SolutionConfigurationPlatforms) = preSolution
		Debug|Any CPU = Debug|Any CPU
		Release|Any CPU = Release|Any CPU
	EndGlobalSection
	GlobalSection(ProjectConfigurationPlatforms) = postSolution
		{CC2BFA38-08E5-4A47-815A-62DE3A978260}.Debug|Any CPU.ActiveCfg = Debug|Any CPU
		{CC2BFA38-08E5-4A47-815A-62DE3A978260}.Debug|Any CPU.Build.0 = Debug|Any CPU
		{CC2BFA38-08E5-4A47-815A-62DE3A978260}.Release|Any CPU.ActiveCfg = Release|Any CPU
		{CC2BFA38-08E5-4A47-815A-62DE3A978260}.Release|Any CPU.Build.0 = Release|Any CPU
		{D6B0E594-6A09-4D95-8188-85732EEBE19E}.Debug|Any CPU.ActiveCfg = Debug|Any CPU
		{D6B0E594-6A09-4D95-8188-85732EEBE19E}.Debug|Any CPU.Build.0 = Debug|Any CPU
		{D6B0E594-6A09-4D95-8188-85732EEBE19E}.Release|Any CPU.ActiveCfg = Release|Any CPU
		{D6B0E594-6A09-4D95-8188-85732EEBE19E}.Release|Any CPU.Build.0 = Release|Any CPU
	EndGlobalSection
	GlobalSection(SolutionProperties) = preSolution
		HideSolutionNode = FALSE
	EndGlobalSection
	GlobalSection(ExtensibilityGlobals) = postSolution
		SolutionGuid = {4EFA6D56-3883-46AD-B7EF-A9E3BD784FF0}
	EndGlobalSection
EndGlobal
